// !$*UTF8*$!
{
	archiveVersion = 1;
	classes = {
	};
	objectVersion = 46;
	objects = {

/* Begin PBXBuildFile section */
		3F11BF2F1DE31D6900B2A1F5 /* RequestHelper.m in Sources */ = {isa = PBXBuildFile; fileRef = 3F11BF2E1DE31D6900B2A1F5 /* RequestHelper.m */; };
		3F4262261DF2CEBC00889860 /* LaunchScreen.storyboard in Resources */ = {isa = PBXBuildFile; fileRef = 3F4262251DF2CEBC00889860 /* LaunchScreen.storyboard */; };
		3F42622A1DF2D3C400889860 /* SettingsReader.m in Sources */ = {isa = PBXBuildFile; fileRef = 3F4262291DF2D3C400889860 /* SettingsReader.m */; };
		3F42622D1DF2E13B00889860 /* AppCreator.m in Sources */ = {isa = PBXBuildFile; fileRef = 3F42622C1DF2E13B00889860 /* AppCreator.m */; };
		3F4262311DF2ECC100889860 /* AppContext.m in Sources */ = {isa = PBXBuildFile; fileRef = 3F4262301DF2ECC100889860 /* AppContext.m */; };
		3F6E9A261DCDE52E008E83AB /* TableViewController.m in Sources */ = {isa = PBXBuildFile; fileRef = 3F6E9A241DCDE52E008E83AB /* TableViewController.m */; };
		3F6E9A271DCDE52E008E83AB /* TableViewController.xib in Resources */ = {isa = PBXBuildFile; fileRef = 3F6E9A251DCDE52E008E83AB /* TableViewController.xib */; };
		3FBA56131DE97F2200340A6F /* config.plist in Resources */ = {isa = PBXBuildFile; fileRef = 3FBA56121DE97F2200340A6F /* config.plist */; };
		3FBA56201DE9834500340A6F /* HistoryViewController.m in Sources */ = {isa = PBXBuildFile; fileRef = 3FBA561E1DE9834500340A6F /* HistoryViewController.m */; };
		3FBA56211DE9834500340A6F /* HistoryViewController.xib in Resources */ = {isa = PBXBuildFile; fileRef = 3FBA561F1DE9834500340A6F /* HistoryViewController.xib */; };
		3FBA56381DE9943800340A6F /* MainViewController.m in Sources */ = {isa = PBXBuildFile; fileRef = 3FBA56361DE9943800340A6F /* MainViewController.m */; };
		3FBA56391DE9943800340A6F /* MainViewController.xib in Resources */ = {isa = PBXBuildFile; fileRef = 3FBA56371DE9943800340A6F /* MainViewController.xib */; };
		3FE3F6E81DD70BB10028EBAA /* CurrencyDatasource.m in Sources */ = {isa = PBXBuildFile; fileRef = 3FE3F6E71DD70BB10028EBAA /* CurrencyDatasource.m */; };
		3FE3F6EB1DD713690028EBAA /* CurrencyManager.m in Sources */ = {isa = PBXBuildFile; fileRef = 3FE3F6EA1DD713690028EBAA /* CurrencyManager.m */; };
		3FE3F6EE1DD713810028EBAA /* Currency.m in Sources */ = {isa = PBXBuildFile; fileRef = 3FE3F6ED1DD713810028EBAA /* Currency.m */; };
		3FFF69BD1DC4944700DB87E7 /* main.m in Sources */ = {isa = PBXBuildFile; fileRef = 3FFF69BC1DC4944700DB87E7 /* main.m */; };
		3FFF69C01DC4944700DB87E7 /* AppDelegate.m in Sources */ = {isa = PBXBuildFile; fileRef = 3FFF69BF1DC4944700DB87E7 /* AppDelegate.m */; };
		3FFF69D61DC4944800DB87E7 /* CVTests.m in Sources */ = {isa = PBXBuildFile; fileRef = 3FFF69D51DC4944800DB87E7 /* CVTests.m */; };
		3FFF69E11DC4944800DB87E7 /* CVUITests.m in Sources */ = {isa = PBXBuildFile; fileRef = 3FFF69E01DC4944800DB87E7 /* CVUITests.m */; };
/* End PBXBuildFile section */

/* Begin PBXContainerItemProxy section */
		3FFF69D21DC4944800DB87E7 /* PBXContainerItemProxy */ = {
			isa = PBXContainerItemProxy;
			containerPortal = 3FFF69B01DC4944700DB87E7 /* Project object */;
			proxyType = 1;
			remoteGlobalIDString = 3FFF69B71DC4944700DB87E7;
			remoteInfo = CV;
		};
		3FFF69DD1DC4944800DB87E7 /* PBXContainerItemProxy */ = {
			isa = PBXContainerItemProxy;
			containerPortal = 3FFF69B01DC4944700DB87E7 /* Project object */;
			proxyType = 1;
			remoteGlobalIDString = 3FFF69B71DC4944700DB87E7;
			remoteInfo = CV;
		};
/* End PBXContainerItemProxy section */

/* Begin PBXFileReference section */
		3F11BF2D1DE31D6900B2A1F5 /* RequestHelper.h */ = {isa = PBXFileReference; fileEncoding = 4; lastKnownFileType = sourcecode.c.h; path = RequestHelper.h; sourceTree = "<group>"; };
		3F11BF2E1DE31D6900B2A1F5 /* RequestHelper.m */ = {isa = PBXFileReference; fileEncoding = 4; lastKnownFileType = sourcecode.c.objc; path = RequestHelper.m; sourceTree = "<group>"; };
		3F4262251DF2CEBC00889860 /* LaunchScreen.storyboard */ = {isa = PBXFileReference; fileEncoding = 4; lastKnownFileType = file.storyboard; name = LaunchScreen.storyboard; path = ../LaunchScreen.storyboard; sourceTree = "<group>"; };
		3F4262281DF2D3C400889860 /* SettingsReader.h */ = {isa = PBXFileReference; fileEncoding = 4; lastKnownFileType = sourcecode.c.h; name = SettingsReader.h; path = ../SettingsReader.h; sourceTree = "<group>"; };
		3F4262291DF2D3C400889860 /* SettingsReader.m */ = {isa = PBXFileReference; fileEncoding = 4; lastKnownFileType = sourcecode.c.objc; name = SettingsReader.m; path = ../SettingsReader.m; sourceTree = "<group>"; };
		3F42622B1DF2E13B00889860 /* AppCreator.h */ = {isa = PBXFileReference; fileEncoding = 4; lastKnownFileType = sourcecode.c.h; path = AppCreator.h; sourceTree = "<group>"; };
		3F42622C1DF2E13B00889860 /* AppCreator.m */ = {isa = PBXFileReference; fileEncoding = 4; lastKnownFileType = sourcecode.c.objc; path = AppCreator.m; sourceTree = "<group>"; };
		3F42622F1DF2ECC100889860 /* AppContext.h */ = {isa = PBXFileReference; fileEncoding = 4; lastKnownFileType = sourcecode.c.h; path = AppContext.h; sourceTree = "<group>"; };
		3F4262301DF2ECC100889860 /* AppContext.m */ = {isa = PBXFileReference; fileEncoding = 4; lastKnownFileType = sourcecode.c.objc; path = AppContext.m; sourceTree = "<group>"; };
		3F6E9A231DCDE52E008E83AB /* TableViewController.h */ = {isa = PBXFileReference; fileEncoding = 4; lastKnownFileType = sourcecode.c.h; path = TableViewController.h; sourceTree = "<group>"; };
		3F6E9A241DCDE52E008E83AB /* TableViewController.m */ = {isa = PBXFileReference; fileEncoding = 4; lastKnownFileType = sourcecode.c.objc; path = TableViewController.m; sourceTree = "<group>"; };
		3F6E9A251DCDE52E008E83AB /* TableViewController.xib */ = {isa = PBXFileReference; fileEncoding = 4; lastKnownFileType = file.xib; path = TableViewController.xib; sourceTree = "<group>"; };
		3F6E9A281DCDEFA4008E83AB /* protocolForCloseChangeWindow.h */ = {isa = PBXFileReference; fileEncoding = 4; lastKnownFileType = sourcecode.c.h; path = protocolForCloseChangeWindow.h; sourceTree = "<group>"; };
		3FBA56121DE97F2200340A6F /* config.plist */ = {isa = PBXFileReference; fileEncoding = 4; lastKnownFileType = text.plist.xml; path = config.plist; sourceTree = "<group>"; };
		3FBA561D1DE9834500340A6F /* HistoryViewController.h */ = {isa = PBXFileReference; fileEncoding = 4; lastKnownFileType = sourcecode.c.h; path = HistoryViewController.h; sourceTree = "<group>"; };
		3FBA561E1DE9834500340A6F /* HistoryViewController.m */ = {isa = PBXFileReference; fileEncoding = 4; lastKnownFileType = sourcecode.c.objc; path = HistoryViewController.m; sourceTree = "<group>"; };
		3FBA561F1DE9834500340A6F /* HistoryViewController.xib */ = {isa = PBXFileReference; fileEncoding = 4; lastKnownFileType = file.xib; path = HistoryViewController.xib; sourceTree = "<group>"; };
		3FBA56351DE9943800340A6F /* MainViewController.h */ = {isa = PBXFileReference; fileEncoding = 4; lastKnownFileType = sourcecode.c.h; path = MainViewController.h; sourceTree = "<group>"; };
		3FBA56361DE9943800340A6F /* MainViewController.m */ = {isa = PBXFileReference; fileEncoding = 4; lastKnownFileType = sourcecode.c.objc; path = MainViewController.m; sourceTree = "<group>"; };
		3FBA56371DE9943800340A6F /* MainViewController.xib */ = {isa = PBXFileReference; fileEncoding = 4; lastKnownFileType = file.xib; path = MainViewController.xib; sourceTree = "<group>"; };
		3FE3F6E61DD70BB10028EBAA /* CurrencyDatasource.h */ = {isa = PBXFileReference; fileEncoding = 4; lastKnownFileType = sourcecode.c.h; path = CurrencyDatasource.h; sourceTree = "<group>"; };
		3FE3F6E71DD70BB10028EBAA /* CurrencyDatasource.m */ = {isa = PBXFileReference; fileEncoding = 4; lastKnownFileType = sourcecode.c.objc; path = CurrencyDatasource.m; sourceTree = "<group>"; };
		3FE3F6E91DD713690028EBAA /* CurrencyManager.h */ = {isa = PBXFileReference; fileEncoding = 4; lastKnownFileType = sourcecode.c.h; path = CurrencyManager.h; sourceTree = "<group>"; };
		3FE3F6EA1DD713690028EBAA /* CurrencyManager.m */ = {isa = PBXFileReference; fileEncoding = 4; lastKnownFileType = sourcecode.c.objc; path = CurrencyManager.m; sourceTree = "<group>"; };
		3FE3F6EC1DD713810028EBAA /* Currency.h */ = {isa = PBXFileReference; fileEncoding = 4; lastKnownFileType = sourcecode.c.h; path = Currency.h; sourceTree = "<group>"; };
		3FE3F6ED1DD713810028EBAA /* Currency.m */ = {isa = PBXFileReference; fileEncoding = 4; lastKnownFileType = sourcecode.c.objc; path = Currency.m; sourceTree = "<group>"; };
		3FFF69B81DC4944700DB87E7 /* CV.app */ = {isa = PBXFileReference; explicitFileType = wrapper.application; includeInIndex = 0; path = CV.app; sourceTree = BUILT_PRODUCTS_DIR; };
		3FFF69BC1DC4944700DB87E7 /* main.m */ = {isa = PBXFileReference; lastKnownFileType = sourcecode.c.objc; path = main.m; sourceTree = "<group>"; };
		3FFF69BE1DC4944700DB87E7 /* AppDelegate.h */ = {isa = PBXFileReference; lastKnownFileType = sourcecode.c.h; path = AppDelegate.h; sourceTree = "<group>"; };
		3FFF69BF1DC4944700DB87E7 /* AppDelegate.m */ = {isa = PBXFileReference; lastKnownFileType = sourcecode.c.objc; path = AppDelegate.m; sourceTree = "<group>"; };
		3FFF69CC1DC4944700DB87E7 /* Info.plist */ = {isa = PBXFileReference; lastKnownFileType = text.plist.xml; path = Info.plist; sourceTree = "<group>"; };
		3FFF69D11DC4944800DB87E7 /* CVTests.xctest */ = {isa = PBXFileReference; explicitFileType = wrapper.cfbundle; includeInIndex = 0; path = CVTests.xctest; sourceTree = BUILT_PRODUCTS_DIR; };
		3FFF69D51DC4944800DB87E7 /* CVTests.m */ = {isa = PBXFileReference; lastKnownFileType = sourcecode.c.objc; path = CVTests.m; sourceTree = "<group>"; };
		3FFF69D71DC4944800DB87E7 /* Info.plist */ = {isa = PBXFileReference; lastKnownFileType = text.plist.xml; path = Info.plist; sourceTree = "<group>"; };
		3FFF69DC1DC4944800DB87E7 /* CVUITests.xctest */ = {isa = PBXFileReference; explicitFileType = wrapper.cfbundle; includeInIndex = 0; path = CVUITests.xctest; sourceTree = BUILT_PRODUCTS_DIR; };
		3FFF69E01DC4944800DB87E7 /* CVUITests.m */ = {isa = PBXFileReference; lastKnownFileType = sourcecode.c.objc; path = CVUITests.m; sourceTree = "<group>"; };
		3FFF69E21DC4944800DB87E7 /* Info.plist */ = {isa = PBXFileReference; lastKnownFileType = text.plist.xml; path = Info.plist; sourceTree = "<group>"; };
/* End PBXFileReference section */

/* Begin PBXFrameworksBuildPhase section */
		3FFF69B51DC4944700DB87E7 /* Frameworks */ = {
			isa = PBXFrameworksBuildPhase;
			buildActionMask = 2147483647;
			files = (
			);
			runOnlyForDeploymentPostprocessing = 0;
		};
		3FFF69CE1DC4944800DB87E7 /* Frameworks */ = {
			isa = PBXFrameworksBuildPhase;
			buildActionMask = 2147483647;
			files = (
			);
			runOnlyForDeploymentPostprocessing = 0;
		};
		3FFF69D91DC4944800DB87E7 /* Frameworks */ = {
			isa = PBXFrameworksBuildPhase;
			buildActionMask = 2147483647;
			files = (
			);
			runOnlyForDeploymentPostprocessing = 0;
		};
/* End PBXFrameworksBuildPhase section */

/* Begin PBXGroup section */
		3F11BF301DE31F4700B2A1F5 /* Screens */ = {
			isa = PBXGroup;
			children = (
				3F4262271DF2D15700889860 /* LaunchScreen */,
				3FBA562D1DE9903600340A6F /* MainScreen */,
				3F11BF321DE31F6A00B2A1F5 /* TableScreen */,
				3FBA56141DE97FEC00340A6F /* HistoryScreen */,
			);
			name = Screens;
			sourceTree = "<group>";
		};
		3F11BF321DE31F6A00B2A1F5 /* TableScreen */ = {
			isa = PBXGroup;
			children = (
				3F6E9A231DCDE52E008E83AB /* TableViewController.h */,
				3F6E9A241DCDE52E008E83AB /* TableViewController.m */,
				3F6E9A251DCDE52E008E83AB /* TableViewController.xib */,
			);
			name = TableScreen;
			sourceTree = "<group>";
		};
		3F4262271DF2D15700889860 /* LaunchScreen */ = {
			isa = PBXGroup;
			children = (
				3F4262251DF2CEBC00889860 /* LaunchScreen.storyboard */,
			);
			name = LaunchScreen;
			sourceTree = "<group>";
		};
		3F42622E1DF2E48D00889860 /* Application */ = {
			isa = PBXGroup;
			children = (
				3F42622B1DF2E13B00889860 /* AppCreator.h */,
				3F42622C1DF2E13B00889860 /* AppCreator.m */,
				3F42622F1DF2ECC100889860 /* AppContext.h */,
				3F4262301DF2ECC100889860 /* AppContext.m */,
				3F4262281DF2D3C400889860 /* SettingsReader.h */,
				3F4262291DF2D3C400889860 /* SettingsReader.m */,
			);
			name = Application;
			sourceTree = "<group>";
		};
		3F4CFBFE1DDF35290085B851 /* DataSource */ = {
			isa = PBXGroup;
			children = (
				3FE3F6E61DD70BB10028EBAA /* CurrencyDatasource.h */,
				3FE3F6E71DD70BB10028EBAA /* CurrencyDatasource.m */,
				3FE3F6E91DD713690028EBAA /* CurrencyManager.h */,
				3FE3F6EA1DD713690028EBAA /* CurrencyManager.m */,
				3FE3F6EC1DD713810028EBAA /* Currency.h */,
				3FE3F6ED1DD713810028EBAA /* Currency.m */,
			);
			name = DataSource;
			sourceTree = "<group>";
		};
		3FBA56141DE97FEC00340A6F /* HistoryScreen */ = {
			isa = PBXGroup;
			children = (
				3FBA561D1DE9834500340A6F /* HistoryViewController.h */,
				3FBA561E1DE9834500340A6F /* HistoryViewController.m */,
				3FBA561F1DE9834500340A6F /* HistoryViewController.xib */,
			);
			name = HistoryScreen;
			sourceTree = "<group>";
		};
		3FBA562D1DE9903600340A6F /* MainScreen */ = {
			isa = PBXGroup;
			children = (
				3FBA56351DE9943800340A6F /* MainViewController.h */,
				3FBA56361DE9943800340A6F /* MainViewController.m */,
				3FBA56371DE9943800340A6F /* MainViewController.xib */,
			);
			name = MainScreen;
			sourceTree = "<group>";
		};
		3FE390201DE854F9005BE50D /* Network */ = {
			isa = PBXGroup;
			children = (
				3F11BF2D1DE31D6900B2A1F5 /* RequestHelper.h */,
				3F11BF2E1DE31D6900B2A1F5 /* RequestHelper.m */,
			);
			name = Network;
			sourceTree = "<group>";
		};
		3FFF69AF1DC4944700DB87E7 = {
			isa = PBXGroup;
			children = (
				3FFF69BA1DC4944700DB87E7 /* CV */,
				3FFF69D41DC4944800DB87E7 /* CVTests */,
				3FFF69DF1DC4944800DB87E7 /* CVUITests */,
				3FFF69B91DC4944700DB87E7 /* Products */,
			);
			sourceTree = "<group>";
		};
		3FFF69B91DC4944700DB87E7 /* Products */ = {
			isa = PBXGroup;
			children = (
				3FFF69B81DC4944700DB87E7 /* CV.app */,
				3FFF69D11DC4944800DB87E7 /* CVTests.xctest */,
				3FFF69DC1DC4944800DB87E7 /* CVUITests.xctest */,
			);
			name = Products;
			sourceTree = "<group>";
		};
		3FFF69BA1DC4944700DB87E7 /* CV */ = {
			isa = PBXGroup;
			children = (
				3F42622E1DF2E48D00889860 /* Application */,
				3F4CFBFE1DDF35290085B851 /* DataSource */,
				3F11BF301DE31F4700B2A1F5 /* Screens */,
				3FE390201DE854F9005BE50D /* Network */,
				3FFF69BE1DC4944700DB87E7 /* AppDelegate.h */,
				3FFF69BF1DC4944700DB87E7 /* AppDelegate.m */,
				3F6E9A281DCDEFA4008E83AB /* protocolForCloseChangeWindow.h */,
				3FFF69BB1DC4944700DB87E7 /* Supporting Files */,
			);
			path = CV;
			sourceTree = "<group>";
		};
		3FFF69BB1DC4944700DB87E7 /* Supporting Files */ = {
			isa = PBXGroup;
			children = (
				3FFF69CC1DC4944700DB87E7 /* Info.plist */,
				3FBA56121DE97F2200340A6F /* config.plist */,
				3FFF69BC1DC4944700DB87E7 /* main.m */,
			);
			name = "Supporting Files";
			sourceTree = "<group>";
		};
		3FFF69D41DC4944800DB87E7 /* CVTests */ = {
			isa = PBXGroup;
			children = (
				3FFF69D51DC4944800DB87E7 /* CVTests.m */,
				3FFF69D71DC4944800DB87E7 /* Info.plist */,
			);
			path = CVTests;
			sourceTree = "<group>";
		};
		3FFF69DF1DC4944800DB87E7 /* CVUITests */ = {
			isa = PBXGroup;
			children = (
				3FFF69E01DC4944800DB87E7 /* CVUITests.m */,
				3FFF69E21DC4944800DB87E7 /* Info.plist */,
			);
			path = CVUITests;
			sourceTree = "<group>";
		};
/* End PBXGroup section */

/* Begin PBXNativeTarget section */
		3FFF69B71DC4944700DB87E7 /* CV */ = {
			isa = PBXNativeTarget;
			buildConfigurationList = 3FFF69E51DC4944800DB87E7 /* Build configuration list for PBXNativeTarget "CV" */;
			buildPhases = (
				3FFF69B41DC4944700DB87E7 /* Sources */,
				3FFF69B51DC4944700DB87E7 /* Frameworks */,
				3FFF69B61DC4944700DB87E7 /* Resources */,
			);
			buildRules = (
			);
			dependencies = (
			);
			name = CV;
			productName = CV;
			productReference = 3FFF69B81DC4944700DB87E7 /* CV.app */;
			productType = "com.apple.product-type.application";
		};
		3FFF69D01DC4944800DB87E7 /* CVTests */ = {
			isa = PBXNativeTarget;
			buildConfigurationList = 3FFF69E81DC4944800DB87E7 /* Build configuration list for PBXNativeTarget "CVTests" */;
			buildPhases = (
				3FFF69CD1DC4944800DB87E7 /* Sources */,
				3FFF69CE1DC4944800DB87E7 /* Frameworks */,
				3FFF69CF1DC4944800DB87E7 /* Resources */,
			);
			buildRules = (
			);
			dependencies = (
				3FFF69D31DC4944800DB87E7 /* PBXTargetDependency */,
			);
			name = CVTests;
			productName = CVTests;
			productReference = 3FFF69D11DC4944800DB87E7 /* CVTests.xctest */;
			productType = "com.apple.product-type.bundle.unit-test";
		};
		3FFF69DB1DC4944800DB87E7 /* CVUITests */ = {
			isa = PBXNativeTarget;
			buildConfigurationList = 3FFF69EB1DC4944800DB87E7 /* Build configuration list for PBXNativeTarget "CVUITests" */;
			buildPhases = (
				3FFF69D81DC4944800DB87E7 /* Sources */,
				3FFF69D91DC4944800DB87E7 /* Frameworks */,
				3FFF69DA1DC4944800DB87E7 /* Resources */,
			);
			buildRules = (
			);
			dependencies = (
				3FFF69DE1DC4944800DB87E7 /* PBXTargetDependency */,
			);
			name = CVUITests;
			productName = CVUITests;
			productReference = 3FFF69DC1DC4944800DB87E7 /* CVUITests.xctest */;
			productType = "com.apple.product-type.bundle.ui-testing";
		};
/* End PBXNativeTarget section */

/* Begin PBXProject section */
		3FFF69B01DC4944700DB87E7 /* Project object */ = {
			isa = PBXProject;
			attributes = {
				KnownAssetTags = (
					New,
				);
				LastUpgradeCheck = 0800;
				ORGANIZATIONNAME = Student03.FS.ru.CFT;
				TargetAttributes = {
					3FFF69B71DC4944700DB87E7 = {
						CreatedOnToolsVersion = 8.0;
						ProvisioningStyle = Automatic;
					};
					3FFF69D01DC4944800DB87E7 = {
						CreatedOnToolsVersion = 8.0;
						ProvisioningStyle = Automatic;
						TestTargetID = 3FFF69B71DC4944700DB87E7;
					};
					3FFF69DB1DC4944800DB87E7 = {
						CreatedOnToolsVersion = 8.0;
						ProvisioningStyle = Automatic;
						TestTargetID = 3FFF69B71DC4944700DB87E7;
					};
				};
			};
			buildConfigurationList = 3FFF69B31DC4944700DB87E7 /* Build configuration list for PBXProject "CV" */;
			compatibilityVersion = "Xcode 3.2";
			developmentRegion = English;
			hasScannedForEncodings = 0;
			knownRegions = (
				en,
				Base,
			);
			mainGroup = 3FFF69AF1DC4944700DB87E7;
			productRefGroup = 3FFF69B91DC4944700DB87E7 /* Products */;
			projectDirPath = "";
			projectRoot = "";
			targets = (
				3FFF69B71DC4944700DB87E7 /* CV */,
				3FFF69D01DC4944800DB87E7 /* CVTests */,
				3FFF69DB1DC4944800DB87E7 /* CVUITests */,
			);
		};
/* End PBXProject section */

/* Begin PBXResourcesBuildPhase section */
		3FFF69B61DC4944700DB87E7 /* Resources */ = {
			isa = PBXResourcesBuildPhase;
			buildActionMask = 2147483647;
			files = (
				3FBA56391DE9943800340A6F /* MainViewController.xib in Resources */,
				3F6E9A271DCDE52E008E83AB /* TableViewController.xib in Resources */,
				3F4262261DF2CEBC00889860 /* LaunchScreen.storyboard in Resources */,
				3FBA56131DE97F2200340A6F /* config.plist in Resources */,
				3FBA56211DE9834500340A6F /* HistoryViewController.xib in Resources */,
			);
			runOnlyForDeploymentPostprocessing = 0;
		};
		3FFF69CF1DC4944800DB87E7 /* Resources */ = {
			isa = PBXResourcesBuildPhase;
			buildActionMask = 2147483647;
			files = (
			);
			runOnlyForDeploymentPostprocessing = 0;
		};
		3FFF69DA1DC4944800DB87E7 /* Resources */ = {
			isa = PBXResourcesBuildPhase;
			buildActionMask = 2147483647;
			files = (
			);
			runOnlyForDeploymentPostprocessing = 0;
		};
/* End PBXResourcesBuildPhase section */

/* Begin PBXSourcesBuildPhase section */
		3FFF69B41DC4944700DB87E7 /* Sources */ = {
			isa = PBXSourcesBuildPhase;
			buildActionMask = 2147483647;
			files = (
				3F42622A1DF2D3C400889860 /* SettingsReader.m in Sources */,
				3F6E9A261DCDE52E008E83AB /* TableViewController.m in Sources */,
				3FBA56201DE9834500340A6F /* HistoryViewController.m in Sources */,
				3FE3F6EB1DD713690028EBAA /* CurrencyManager.m in Sources */,
				3FBA56381DE9943800340A6F /* MainViewController.m in Sources */,
				3F4262311DF2ECC100889860 /* AppContext.m in Sources */,
				3F11BF2F1DE31D6900B2A1F5 /* RequestHelper.m in Sources */,
				3FFF69C01DC4944700DB87E7 /* AppDelegate.m in Sources */,
				3FFF69BD1DC4944700DB87E7 /* main.m in Sources */,
				3FE3F6EE1DD713810028EBAA /* Currency.m in Sources */,
				3F42622D1DF2E13B00889860 /* AppCreator.m in Sources */,
				3FE3F6E81DD70BB10028EBAA /* CurrencyDatasource.m in Sources */,
			);
			runOnlyForDeploymentPostprocessing = 0;
		};
		3FFF69CD1DC4944800DB87E7 /* Sources */ = {
			isa = PBXSourcesBuildPhase;
			buildActionMask = 2147483647;
			files = (
				3FFF69D61DC4944800DB87E7 /* CVTests.m in Sources */,
			);
			runOnlyForDeploymentPostprocessing = 0;
		};
		3FFF69D81DC4944800DB87E7 /* Sources */ = {
			isa = PBXSourcesBuildPhase;
			buildActionMask = 2147483647;
			files = (
				3FFF69E11DC4944800DB87E7 /* CVUITests.m in Sources */,
			);
			runOnlyForDeploymentPostprocessing = 0;
		};
/* End PBXSourcesBuildPhase section */

/* Begin PBXTargetDependency section */
		3FFF69D31DC4944800DB87E7 /* PBXTargetDependency */ = {
			isa = PBXTargetDependency;
			target = 3FFF69B71DC4944700DB87E7 /* CV */;
			targetProxy = 3FFF69D21DC4944800DB87E7 /* PBXContainerItemProxy */;
		};
		3FFF69DE1DC4944800DB87E7 /* PBXTargetDependency */ = {
			isa = PBXTargetDependency;
			target = 3FFF69B71DC4944700DB87E7 /* CV */;
			targetProxy = 3FFF69DD1DC4944800DB87E7 /* PBXContainerItemProxy */;
		};
/* End PBXTargetDependency section */

/* Begin XCBuildConfiguration section */
		3FFF69E31DC4944800DB87E7 /* Debug */ = {
			isa = XCBuildConfiguration;
			buildSettings = {
				ALWAYS_SEARCH_USER_PATHS = NO;
				CLANG_ANALYZER_NONNULL = YES;
				CLANG_CXX_LANGUAGE_STANDARD = "gnu++0x";
				CLANG_CXX_LIBRARY = "libc++";
				CLANG_ENABLE_MODULES = YES;
				CLANG_ENABLE_OBJC_ARC = YES;
				CLANG_WARN_BOOL_CONVERSION = YES;
				CLANG_WARN_CONSTANT_CONVERSION = YES;
				CLANG_WARN_DIRECT_OBJC_ISA_USAGE = YES_ERROR;
				CLANG_WARN_DOCUMENTATION_COMMENTS = YES;
				CLANG_WARN_EMPTY_BODY = YES;
				CLANG_WARN_ENUM_CONVERSION = YES;
				CLANG_WARN_INFINITE_RECURSION = YES;
				CLANG_WARN_INT_CONVERSION = YES;
				CLANG_WARN_OBJC_ROOT_CLASS = YES_ERROR;
				CLANG_WARN_SUSPICIOUS_MOVES = YES;
				CLANG_WARN_UNREACHABLE_CODE = YES;
				CLANG_WARN__DUPLICATE_METHOD_MATCH = YES;
				"CODE_SIGN_IDENTITY[sdk=iphoneos*]" = "iPhone Developer";
				COPY_PHASE_STRIP = NO;
				DEBUG_INFORMATION_FORMAT = dwarf;
				ENABLE_STRICT_OBJC_MSGSEND = YES;
				ENABLE_TESTABILITY = YES;
				GCC_C_LANGUAGE_STANDARD = gnu99;
				GCC_DYNAMIC_NO_PIC = NO;
				GCC_NO_COMMON_BLOCKS = YES;
				GCC_OPTIMIZATION_LEVEL = 0;
				GCC_PREPROCESSOR_DEFINITIONS = (
					"DEBUG=1",
					"$(inherited)",
				);
				GCC_WARN_64_TO_32_BIT_CONVERSION = YES;
				GCC_WARN_ABOUT_RETURN_TYPE = YES_ERROR;
				GCC_WARN_UNDECLARED_SELECTOR = YES;
				GCC_WARN_UNINITIALIZED_AUTOS = YES_AGGRESSIVE;
				GCC_WARN_UNUSED_FUNCTION = YES;
				GCC_WARN_UNUSED_VARIABLE = YES;
				IPHONEOS_DEPLOYMENT_TARGET = 10.0;
				MTL_ENABLE_DEBUG_INFO = YES;
				ONLY_ACTIVE_ARCH = YES;
				SDKROOT = iphoneos;
			};
			name = Debug;
		};
		3FFF69E41DC4944800DB87E7 /* Release */ = {
			isa = XCBuildConfiguration;
			buildSettings = {
				ALWAYS_SEARCH_USER_PATHS = NO;
				CLANG_ANALYZER_NONNULL = YES;
				CLANG_CXX_LANGUAGE_STANDARD = "gnu++0x";
				CLANG_CXX_LIBRARY = "libc++";
				CLANG_ENABLE_MODULES = YES;
				CLANG_ENABLE_OBJC_ARC = YES;
				CLANG_WARN_BOOL_CONVERSION = YES;
				CLANG_WARN_CONSTANT_CONVERSION = YES;
				CLANG_WARN_DIRECT_OBJC_ISA_USAGE = YES_ERROR;
				CLANG_WARN_DOCUMENTATION_COMMENTS = YES;
				CLANG_WARN_EMPTY_BODY = YES;
				CLANG_WARN_ENUM_CONVERSION = YES;
				CLANG_WARN_INFINITE_RECURSION = YES;
				CLANG_WARN_INT_CONVERSION = YES;
				CLANG_WARN_OBJC_ROOT_CLASS = YES_ERROR;
				CLANG_WARN_SUSPICIOUS_MOVES = YES;
				CLANG_WARN_UNREACHABLE_CODE = YES;
				CLANG_WARN__DUPLICATE_METHOD_MATCH = YES;
				"CODE_SIGN_IDENTITY[sdk=iphoneos*]" = "iPhone Developer";
				COPY_PHASE_STRIP = NO;
				DEBUG_INFORMATION_FORMAT = "dwarf-with-dsym";
				ENABLE_NS_ASSERTIONS = NO;
				ENABLE_STRICT_OBJC_MSGSEND = YES;
				GCC_C_LANGUAGE_STANDARD = gnu99;
				GCC_NO_COMMON_BLOCKS = YES;
				GCC_WARN_64_TO_32_BIT_CONVERSION = YES;
				GCC_WARN_ABOUT_RETURN_TYPE = YES_ERROR;
				GCC_WARN_UNDECLARED_SELECTOR = YES;
				GCC_WARN_UNINITIALIZED_AUTOS = YES_AGGRESSIVE;
				GCC_WARN_UNUSED_FUNCTION = YES;
				GCC_WARN_UNUSED_VARIABLE = YES;
				IPHONEOS_DEPLOYMENT_TARGET = 10.0;
				MTL_ENABLE_DEBUG_INFO = NO;
				SDKROOT = iphoneos;
				VALIDATE_PRODUCT = YES;
			};
			name = Release;
		};
		3FFF69E61DC4944800DB87E7 /* Debug */ = {
			isa = XCBuildConfiguration;
			buildSettings = {
				ASSETCATALOG_COMPILER_APPICON_NAME = AppIcon;
				INFOPLIST_FILE = CV/Info.plist;
				LD_RUNPATH_SEARCH_PATHS = "$(inherited) @executable_path/Frameworks";
				PRODUCT_BUNDLE_IDENTIFIER = "-Student03.CV";
				PRODUCT_NAME = "$(TARGET_NAME)";
			};
			name = Debug;
		};
		3FFF69E71DC4944800DB87E7 /* Release */ = {
			isa = XCBuildConfiguration;
			buildSettings = {
				ASSETCATALOG_COMPILER_APPICON_NAME = AppIcon;
				INFOPLIST_FILE = CV/Info.plist;
				LD_RUNPATH_SEARCH_PATHS = "$(inherited) @executable_path/Frameworks";
				PRODUCT_BUNDLE_IDENTIFIER = "-Student03.CV";
				PRODUCT_NAME = "$(TARGET_NAME)";
			};
			name = Release;
		};
		3FFF69E91DC4944800DB87E7 /* Debug */ = {
			isa = XCBuildConfiguration;
			buildSettings = {
				BUNDLE_LOADER = "$(TEST_HOST)";
				INFOPLIST_FILE = CVTests/Info.plist;
				LD_RUNPATH_SEARCH_PATHS = "$(inherited) @executable_path/Frameworks @loader_path/Frameworks";
				PRODUCT_BUNDLE_IDENTIFIER = "-Student03.CVTests";
				PRODUCT_NAME = "$(TARGET_NAME)";
				TEST_HOST = "$(BUILT_PRODUCTS_DIR)/CV.app/CV";
			};
			name = Debug;
		};
		3FFF69EA1DC4944800DB87E7 /* Release */ = {
			isa = XCBuildConfiguration;
			buildSettings = {
				BUNDLE_LOADER = "$(TEST_HOST)";
				INFOPLIST_FILE = CVTests/Info.plist;
				LD_RUNPATH_SEARCH_PATHS = "$(inherited) @executable_path/Frameworks @loader_path/Frameworks";
				PRODUCT_BUNDLE_IDENTIFIER = "-Student03.CVTests";
				PRODUCT_NAME = "$(TARGET_NAME)";
				TEST_HOST = "$(BUILT_PRODUCTS_DIR)/CV.app/CV";
			};
			name = Release;
		};
		3FFF69EC1DC4944800DB87E7 /* Debug */ = {
			isa = XCBuildConfiguration;
			buildSettings = {
				INFOPLIST_FILE = CVUITests/Info.plist;
				LD_RUNPATH_SEARCH_PATHS = "$(inherited) @executable_path/Frameworks @loader_path/Frameworks";
				PRODUCT_BUNDLE_IDENTIFIER = "-Student03.CVUITests";
				PRODUCT_NAME = "$(TARGET_NAME)";
				TEST_TARGET_NAME = CV;
			};
			name = Debug;
		};
		3FFF69ED1DC4944800DB87E7 /* Release */ = {
			isa = XCBuildConfiguration;
			buildSettings = {
				INFOPLIST_FILE = CVUITests/Info.plist;
				LD_RUNPATH_SEARCH_PATHS = "$(inherited) @executable_path/Frameworks @loader_path/Frameworks";
				PRODUCT_BUNDLE_IDENTIFIER = "-Student03.CVUITests";
				PRODUCT_NAME = "$(TARGET_NAME)";
				TEST_TARGET_NAME = CV;
			};
			name = Release;
		};
/* End XCBuildConfiguration section */

/* Begin XCConfigurationList section */
		3FFF69B31DC4944700DB87E7 /* Build configuration list for PBXProject "CV" */ = {
			isa = XCConfigurationList;
			buildConfigurations = (
				3FFF69E31DC4944800DB87E7 /* Debug */,
				3FFF69E41DC4944800DB87E7 /* Release */,
			);
			defaultConfigurationIsVisible = 0;
			defaultConfigurationName = Release;
		};
		3FFF69E51DC4944800DB87E7 /* Build configuration list for PBXNativeTarget "CV" */ = {
			isa = XCConfigurationList;
			buildConfigurations = (
				3FFF69E61DC4944800DB87E7 /* Debug */,
				3FFF69E71DC4944800DB87E7 /* Release */,
			);
			defaultConfigurationIsVisible = 0;
			defaultConfigurationName = Release;
		};
		3FFF69E81DC4944800DB87E7 /* Build configuration list for PBXNativeTarget "CVTests" */ = {
			isa = XCConfigurationList;
			buildConfigurations = (
				3FFF69E91DC4944800DB87E7 /* Debug */,
				3FFF69EA1DC4944800DB87E7 /* Release */,
			);
			defaultConfigurationIsVisible = 0;
			defaultConfigurationName = Release;
		};
		3FFF69EB1DC4944800DB87E7 /* Build configuration list for PBXNativeTarget "CVUITests" */ = {
			isa = XCConfigurationList;
			buildConfigurations = (
				3FFF69EC1DC4944800DB87E7 /* Debug */,
				3FFF69ED1DC4944800DB87E7 /* Release */,
			);
			defaultConfigurationIsVisible = 0;
			defaultConfigurationName = Release;
		};
/* End XCConfigurationList section */
	};
	rootObject = 3FFF69B01DC4944700DB87E7 /* Project object */;
}
